
Microsoft Visual Studio Solution File, Format Version 12.00
# Visual Studio Version 16
VisualStudioVersion = 16.0.30804.86
MinimumVisualStudioVersion = 10.0.40219.1
Project("{9A19103F-16F7-4668-BE54-9A1E7A4F7556}") = "TestConsoleApp", "TsetConsoleApp\TestConsoleApp.csproj", "{CCE0DC62-08ED-4001-B724-A0C0FA1499E9}"
EndProject
Project("{FAE04EC0-301F-11D3-BF4B-00C04F79EFBC}") = "Scrilla.Lib", "Scrilla.Lib\Scrilla.Lib.csproj", "{2A09221D-4D13-4D9D-B798-271A0131CF8E}"
EndProject
Project("{FAE04EC0-301F-11D3-BF4B-00C04F79EFBC}") = "Scrilla.Lib.Tests", "Scrilla.Lib.Tests\Scrilla.Lib.Tests.csproj", "{52C6FD3E-AE25-4E67-B5AA-F098775729A3}"
EndProject
Project("{FAE04EC0-301F-11D3-BF4B-00C04F79EFBC}") = "Scrilla.Web", "Scrilla.Web\Scrilla.Web.csproj", "{4451ED36-EDFA-441B-B721-92C3F655916E}"
EndProject
Global
	GlobalSection(SolutionConfigurationPlatforms) = preSolution
		Debug|Any CPU = Debug|Any CPU
		Release|Any CPU = Release|Any CPU
	EndGlobalSection
	GlobalSection(ProjectConfigurationPlatforms) = postSolution
		{CCE0DC62-08ED-4001-B724-A0C0FA1499E9}.Debug|Any CPU.ActiveCfg = Debug|Any CPU
		{CCE0DC62-08ED-4001-B724-A0C0FA1499E9}.Debug|Any CPU.Build.0 = Debug|Any CPU
		{CCE0DC62-08ED-4001-B724-A0C0FA1499E9}.Release|Any CPU.ActiveCfg = Release|Any CPU
		{CCE0DC62-08ED-4001-B724-A0C0FA1499E9}.Release|Any CPU.Build.0 = Release|Any CPU
		{2A09221D-4D13-4D9D-B798-271A0131CF8E}.Debug|Any CPU.ActiveCfg = Debug|Any CPU
		{2A09221D-4D13-4D9D-B798-271A0131CF8E}.Debug|Any CPU.Build.0 = Debug|Any CPU
		{2A09221D-4D13-4D9D-B798-271A0131CF8E}.Release|Any CPU.ActiveCfg = Release|Any CPU
		{2A09221D-4D13-4D9D-B798-271A0131CF8E}.Release|Any CPU.Build.0 = Release|Any CPU
		{52C6FD3E-AE25-4E67-B5AA-F098775729A3}.Debug|Any CPU.ActiveCfg = Debug|Any CPU
		{52C6FD3E-AE25-4E67-B5AA-F098775729A3}.Debug|Any CPU.Build.0 = Debug|Any CPU
		{52C6FD3E-AE25-4E67-B5AA-F098775729A3}.Release|Any CPU.ActiveCfg = Release|Any CPU
		{52C6FD3E-AE25-4E67-B5AA-F098775729A3}.Release|Any CPU.Build.0 = Release|Any CPU
		{4451ED36-EDFA-441B-B721-92C3F655916E}.Debug|Any CPU.ActiveCfg = Debug|Any CPU
		{4451ED36-EDFA-441B-B721-92C3F655916E}.Debug|Any CPU.Build.0 = Debug|Any CPU
		{4451ED36-EDFA-441B-B721-92C3F655916E}.Release|Any CPU.ActiveCfg = Release|Any CPU
		{4451ED36-EDFA-441B-B721-92C3F655916E}.Release|Any CPU.Build.0 = Release|Any CPU
	EndGlobalSection
	GlobalSection(SolutionProperties) = preSolution
		HideSolutionNode = FALSE
	EndGlobalSection
	GlobalSection(ExtensibilityGlobals) = postSolution
		SolutionGuid = {49172443-157D-42AF-A019-90BBD37589DC}
	EndGlobalSection
EndGlobal
